{
  "version": 4,
  "terraform_version": "1.15.8",
  "serial": 58,
  "lineage": "c27acdea-11d6-4390-fa5b-c6d46bc3161d",
  "outputs": {},
  "resources": [
    {
      "mode": "managed",
      "type": "azurerm_container_app",
      "name": "container_app",
      "provider": "provider[\"registry.terraform.io/hashicorp/azurerm\"]",
      "instances": [
        {
          "schema_version": 0,
          "attributes": {
            "container_app_environment_id": "/subscriptions/ed0eed35-e487-434c-8eed-1f15d8b0909f/resourceGroups/formula-one-system-dev-rg/providers/Microsoft.App/managedEnvironments/formula-one-system-dev-acae",
            "custom_domain_verification_id": "4429DA2B7E320123875FA6787D8FCF9D31A3A3C8C97807FA0A66A28890186FBC",
            "dapr": [],
            "id": "/subscriptions/ed0eed35-e487-434c-8eed-1f15d8b0909f/resourceGroups/formula-one-system-dev-rg/providers/Microsoft.App/containerApps/formula-one-system-dev-aca",
            "identity": [
              {
                "identity_ids": [
                  "/subscriptions/ed0eed35-e487-434c-8eed-1f15d8b0909f/resourceGroups/formula-one-system-dev-rg/providers/Microsoft.ManagedIdentity/userAssignedIdentities/formula-one-system-dev-identity"
                ],
                "principal_id": "",
                "tenant_id": "",
                "type": "UserAssigned"
              }
            ],
            "ingress": [
              {
                "allow_insecure_connections": false,
                "client_certificate_mode": "",
                "cors": [],
                "custom_domain": [],
                "exposed_port": 0,
                "external_enabled": true,
                "fqdn": "formula-one-system-dev-aca.redwave-6af62a90.centralus.azurecontainerapps.io",
                "ip_security_restriction": [],
                "target_port": 8080,
                "traffic_weight": [
                  {
                    "label": "primary",
                    "latest_revision": true,
                    "percentage": 100,
                    "revision_suffix": ""
                  }
                ],
                "transport": "auto"
              }
            ],
            "latest_revision_fqdn": "formula-one-system-dev-aca--zo2647i.redwave-6af62a90.centralus.azurecontainerapps.io",
            "latest_revision_name": "formula-one-system-dev-aca--zo2647i",
            "location": "centralus",
            "max_inactive_revisions": 0,
            "name": "formula-one-system-dev-aca",
            "outbound_ip_addresses": [
              "20.221.111.195"
            ],
            "registry": [
              {
                "identity": "/subscriptions/ed0eed35-e487-434c-8eed-1f15d8b0909f/resourceGroups/formula-one-system-dev-rg/providers/Microsoft.ManagedIdentity/userAssignedIdentities/formula-one-system-dev-identity",
                "password_secret_name": "",
                "server": "formulaonesystemdevacr.azurecr.io",
                "username": ""
              }
            ],
            "resource_group_name": "formula-one-system-dev-rg",
            "revision_mode": "Multiple",
            "secret": [],
            "tags": {
              "environment": "dev",
              "src": "dev"
            },
            "template": [
              {
                "azure_queue_scale_rule": [],
                "container": [
                  {
                    "args": null,
                    "command": null,
                    "cpu": 0.25,
                    "env": [],
                    "ephemeral_storage": "1Gi",
                    "image": "mcr.microsoft.com/k8se/quickstart:latest",
                    "liveness_probe": [],
                    "memory": "0.5Gi",
                    "name": "formula-one-system-dev-container",
                    "readiness_probe": [],
                    "startup_probe": [],
                    "volume_mounts": []
                  }
                ],
                "custom_scale_rule": [],
                "http_scale_rule": [],
                "init_container": [],
                "max_replicas": 3,
                "min_replicas": 1,
                "revision_suffix": "",
                "tcp_scale_rule": [],
                "termination_grace_period_seconds": 0,
                "volume": []
              }
            ],
            "timeouts": null,
            "workload_profile_name": ""
          },
          "sensitive_attributes": [
            [
              {
                "type": "get_attr",
                "value": "custom_domain_verification_id"
              }
            ]
          ],
          "identity_schema_version": 0,
          "private": "eyJlMmJmYjczMC1lY2FhLTExZTYtOGY4OC0zNDM2M2JjN2M0YzAiOnsiY3JlYXRlIjoxODAwMDAwMDAwMDAwLCJkZWxldGUiOjE4MDAwMDAwMDAwMDAsInJlYWQiOjMwMDAwMDAwMDAwMCwidXBkYXRlIjoxODAwMDAwMDAwMDAwfX0=",
          "dependencies": [
            "azurerm_container_app_environment.app_environment",
            "azurerm_container_registry.acr",
            "azurerm_log_analytics_workspace.law",
            "azurerm_resource_group.main",
            "azurerm_user_assigned_identity.container_app"
          ]
        }
      ]
    },
    {
      "mode": "managed",
      "type": "azurerm_container_app_environment",
      "name": "app_environment",
      "provider": "provider[\"registry.terraform.io/hashicorp/azurerm\"]",
      "instances": [
        {
          "schema_version": 0,
          "attributes": {
            "custom_domain_verification_id": "4429DA2B7E320123875FA6787D8FCF9D31A3A3C8C97807FA0A66A28890186FBC",
            "dapr_application_insights_connection_string": "",
            "default_domain": "redwave-6af62a90.centralus.azurecontainerapps.io",
            "docker_bridge_cidr": "",
            "id": "/subscriptions/ed0eed35-e487-434c-8eed-1f15d8b0909f/resourceGroups/formula-one-system-dev-rg/providers/Microsoft.App/managedEnvironments/formula-one-system-dev-acae",
            "identity": [],
            "infrastructure_resource_group_name": "",
            "infrastructure_subnet_id": "",
            "internal_load_balancer_enabled": false,
            "location": "centralus",
            "log_analytics_workspace_id": "/subscriptions/ed0eed35-e487-434c-8eed-1f15d8b0909f/resourceGroups/formula-one-system-dev-rg/providers/Microsoft.OperationalInsights/workspaces/formula-one-system-dev-law",
            "logs_destination": "log-analytics",
            "mutual_tls_enabled": false,
            "name": "formula-one-system-dev-acae",
            "platform_reserved_cidr": "",
            "platform_reserved_dns_ip_address": "",
            "resource_group_name": "formula-one-system-dev-rg",
            "static_ip_address": "172.168.3.163",
            "tags": {
              "environment": "dev",
              "src": "dev"
            },
            "timeouts": null,
            "workload_profile": [],
            "zone_redundancy_enabled": false
          },
          "sensitive_attributes": [
            [
              {
                "type": "get_attr",
                "value": "dapr_application_insights_connection_string"
              }
            ]
          ],
          "identity_schema_version": 0,
          "private": "eyJlMmJmYjczMC1lY2FhLTExZTYtOGY4OC0zNDM2M2JjN2M0YzAiOnsiY3JlYXRlIjoxODAwMDAwMDAwMDAwLCJkZWxldGUiOjE4MDAwMDAwMDAwMDAsInJlYWQiOjMwMDAwMDAwMDAwMCwidXBkYXRlIjoxODAwMDAwMDAwMDAwfX0=",
          "dependencies": [
            "azurerm_log_analytics_workspace.law",
            "azurerm_resource_group.main"
          ]
        }
      ]
    },
    {
      "mode": "managed",
      "type": "azurerm_container_registry",
      "name": "acr",
      "provider": "provider[\"registry.terraform.io/hashicorp/azurerm\"]",
      "instances": [
        {
          "schema_version": 2,
          "attributes": {
            "admin_enabled": true,
            "admin_password": "9XyMD7qqOuE8yFUgCZ767MxmHTdR23J7ahm5GIoJhBHUITUii89RJQQJ99CHAC1i4TkEqg7NAAACAZCRIUvf",
            "admin_username": "formulaonesystemdevacr",
            "anonymous_pull_enabled": false,
            "data_endpoint_enabled": false,
            "data_endpoint_host_names": [],
            "encryption": [],
            "export_policy_enabled": true,
            "georeplications": [],
            "id": "/subscriptions/ed0eed35-e487-434c-8eed-1f15d8b0909f/resourceGroups/formula-one-system-dev-rg/providers/Microsoft.ContainerRegistry/registries/formulaonesystemdevacr",
            "identity": [],
            "location": "centralus",
            "login_server": "formulaonesystemdevacr.azurecr.io",
            "name": "formulaonesystemdevacr",
            "network_rule_bypass_option": "AzureServices",
            "network_rule_set": [],
            "public_network_access_enabled": true,
            "quarantine_policy_enabled": false,
            "resource_group_name": "formula-one-system-dev-rg",
            "retention_policy_in_days": 0,
            "sku": "Standard",
            "tags": {
              "environment": "dev",
              "src": "dev"
            },
            "timeouts": null,
            "trust_policy_enabled": false,
            "zone_redundancy_enabled": false
          },
          "sensitive_attributes": [
            [
              {
                "type": "get_attr",
                "value": "admin_password"
              }
            ]
          ],
          "identity_schema_version": 0,
          "private": "eyJlMmJmYjczMC1lY2FhLTExZTYtOGY4OC0zNDM2M2JjN2M0YzAiOnsiY3JlYXRlIjoxODAwMDAwMDAwMDAwLCJkZWxldGUiOjE4MDAwMDAwMDAwMDAsInJlYWQiOjMwMDAwMDAwMDAwMCwidXBkYXRlIjoxODAwMDAwMDAwMDAwfSwic2NoZW1hX3ZlcnNpb24iOiIyIn0=",
          "dependencies": [
            "azurerm_resource_group.main"
          ]
        }
      ]
    },
    {
      "mode": "managed",
      "type": "azurerm_log_analytics_workspace",
      "name": "law",
      "provider": "provider[\"registry.terraform.io/hashicorp/azurerm\"]",
      "instances": [
        {
          "schema_version": 3,
          "attributes": {
            "allow_resource_only_permissions": true,
            "cmk_for_query_forced": false,
            "daily_quota_gb": -1,
            "data_collection_rule_id": "",
            "id": "/subscriptions/ed0eed35-e487-434c-8eed-1f15d8b0909f/resourceGroups/formula-one-system-dev-rg/providers/Microsoft.OperationalInsights/workspaces/formula-one-system-dev-law",
            "identity": [],
            "immediate_data_purge_on_30_days_enabled": false,
            "internet_ingestion_enabled": true,
            "internet_query_enabled": true,
            "local_authentication_disabled": true,
            "local_authentication_enabled": false,
            "location": "centralus",
            "name": "formula-one-system-dev-law",
            "primary_shared_key": "Ym+Symmj92XTVRaMpHY1SM9NRJgVJfyZ8WU6UNVKyULGrblAfzXu7D7p1yH1q5r02xXUNIjIm3x/rW7vJfYC9Q==",
            "reservation_capacity_in_gb_per_day": null,
            "resource_group_name": "formula-one-system-dev-rg",
            "retention_in_days": 30,
            "secondary_shared_key": "d+DOjtfgKohJUkurIwyI1WaEgDK9/CR2t6YsgAmRH6R02wNY+LET4Z2X1EqPhLIccxjQqYccAuzNTuyqLRu0KA==",
            "sku": "PerGB2018",
            "tags": {},
            "timeouts": null,
            "workspace_id": "689c2f2b-1e0c-486f-a2fa-00389d07af7b"
          },
          "sensitive_attributes": [
            [
              {
                "type": "get_attr",
                "value": "primary_shared_key"
              }
            ],
            [
              {
                "type": "get_attr",
                "value": "secondary_shared_key"
              }
            ]
          ],
          "identity_schema_version": 0,
          "private": "eyJlMmJmYjczMC1lY2FhLTExZTYtOGY4OC0zNDM2M2JjN2M0YzAiOnsiY3JlYXRlIjoxODAwMDAwMDAwMDAwLCJkZWxldGUiOjE4MDAwMDAwMDAwMDAsInJlYWQiOjMwMDAwMDAwMDAwMCwidXBkYXRlIjoxODAwMDAwMDAwMDAwfSwic2NoZW1hX3ZlcnNpb24iOiIzIn0=",
          "dependencies": [
            "azurerm_resource_group.main"
          ]
        }
      ]
    },
    {
      "mode": "managed",
      "type": "azurerm_mssql_database",
      "name": "formula_one_db",
      "provider": "provider[\"registry.terraform.io/hashicorp/azurerm\"]",
      "instances": [
        {
          "schema_version": 1,
          "attributes": {
            "auto_pause_delay_in_minutes": 0,
            "collation": "SQL_Latin1_General_CP1_CI_AS",
            "create_mode": "Default",
            "creation_source_database_id": null,
            "elastic_pool_id": "",
            "enclave_type": "",
            "geo_backup_enabled": true,
            "id": "/subscriptions/ed0eed35-e487-434c-8eed-1f15d8b0909f/resourceGroups/formula-one-system-dev-rg/providers/Microsoft.Sql/servers/formula-one-system-dev-sqlserver/databases/formula-one-system-dev-Formulaone",
            "identity": [],
            "import": [],
            "ledger_enabled": false,
            "license_type": "LicenseIncluded",
            "long_term_retention_policy": [
              {
                "immutable_backups_enabled": false,
                "monthly_retention": "PT0S",
                "week_of_year": 1,
                "weekly_retention": "PT0S",
                "yearly_retention": "PT0S"
              }
            ],
            "maintenance_configuration_name": "SQL_Default",
            "max_size_gb": 10,
            "min_capacity": 0,
            "name": "formula-one-system-dev-Formulaone",
            "read_replica_count": 0,
            "read_scale": false,
            "recover_database_id": null,
            "recovery_point_id": null,
            "restore_dropped_database_id": null,
            "restore_long_term_retention_backup_id": null,
            "restore_point_in_time": null,
            "sample_name": null,
            "secondary_type": "",
            "server_id": "/subscriptions/ed0eed35-e487-434c-8eed-1f15d8b0909f/resourceGroups/formula-one-system-dev-rg/providers/Microsoft.Sql/servers/formula-one-system-dev-sqlserver",
            "short_term_retention_policy": [
              {
                "backup_interval_in_hours": 24,
                "retention_days": 7
              }
            ],
            "sku_name": "S1",
            "storage_account_type": "Geo",
            "tags": {
              "environment": "dev",
              "src": "dev"
            },
            "threat_detection_policy": [
              {
                "disabled_alerts": [],
                "email_account_admins": "Disabled",
                "email_addresses": [],
                "retention_days": 0,
                "state": "Disabled",
                "storage_account_access_key": "",
                "storage_endpoint": ""
              }
            ],
            "timeouts": null,
            "transparent_data_encryption_enabled": true,
            "transparent_data_encryption_key_automatic_rotation_enabled": false,
            "transparent_data_encryption_key_vault_key_id": "",
            "zone_redundant": false
          },
          "sensitive_attributes": [
            [
              {
                "type": "get_attr",
                "value": "threat_detection_policy"
              },
              {
                "type": "index",
                "value": {
                  "value": 0,
                  "type": "number"
                }
              },
              {
                "type": "get_attr",
                "value": "storage_account_access_key"
              }
            ]
          ],
          "identity_schema_version": 0,
          "private": "eyJlMmJmYjczMC1lY2FhLTExZTYtOGY4OC0zNDM2M2JjN2M0YzAiOnsiY3JlYXRlIjozNjAwMDAwMDAwMDAwLCJkZWxldGUiOjM2MDAwMDAwMDAwMDAsInJlYWQiOjMwMDAwMDAwMDAwMCwidXBkYXRlIjozNjAwMDAwMDAwMDAwfSwic2NoZW1hX3ZlcnNpb24iOiIxIn0=",
          "dependencies": [
            "azurerm_mssql_server.sql_server",
            "azurerm_resource_group.main"
          ]
        }
      ]
    },
    {
      "mode": "managed",
      "type": "azurerm_mssql_firewall_rule",
      "name": "rule",
      "provider": "provider[\"registry.terraform.io/hashicorp/azurerm\"]",
      "instances": [
        {
          "schema_version": 0,
          "attributes": {
            "end_ip_address": "0.0.0.0",
            "id": "/subscriptions/ed0eed35-e487-434c-8eed-1f15d8b0909f/resourceGroups/formula-one-system-dev-rg/providers/Microsoft.Sql/servers/formula-one-system-dev-sqlserver/firewallRules/all_azure",
            "name": "all_azure",
            "server_id": "/subscriptions/ed0eed35-e487-434c-8eed-1f15d8b0909f/resourceGroups/formula-one-system-dev-rg/providers/Microsoft.Sql/servers/formula-one-system-dev-sqlserver",
            "start_ip_address": "0.0.0.0",
            "timeouts": null
          },
          "sensitive_attributes": [],
          "identity_schema_version": 0,
          "private": "eyJlMmJmYjczMC1lY2FhLTExZTYtOGY4OC0zNDM2M2JjN2M0YzAiOnsiY3JlYXRlIjoxODAwMDAwMDAwMDAwLCJkZWxldGUiOjE4MDAwMDAwMDAwMDAsInJlYWQiOjMwMDAwMDAwMDAwMCwidXBkYXRlIjoxODAwMDAwMDAwMDAwfX0=",
          "dependencies": [
            "azurerm_mssql_server.sql_server",
            "azurerm_resource_group.main"
          ]
        }
      ]
    },
    {
      "mode": "managed",
      "type": "azurerm_mssql_server",
      "name": "sql_server",
      "provider": "provider[\"registry.terraform.io/hashicorp/azurerm\"]",
      "instances": [
        {
          "schema_version": 0,
          "attributes": {
            "administrator_login": "formulaoneadmin",
            "administrator_login_password": "Password@1",
            "administrator_login_password_wo": null,
            "administrator_login_password_wo_version": 0,
            "azuread_administrator": [],
            "connection_policy": "Default",
            "express_vulnerability_assessment_enabled": false,
            "fully_qualified_domain_name": "formula-one-system-dev-sqlserver.database.windows.net",
            "id": "/subscriptions/ed0eed35-e487-434c-8eed-1f15d8b0909f/resourceGroups/formula-one-system-dev-rg/providers/Microsoft.Sql/servers/formula-one-system-dev-sqlserver",
            "identity": [],
            "location": "centralus",
            "minimum_tls_version": "1.2",
            "name": "formula-one-system-dev-sqlserver",
            "outbound_network_restriction_enabled": false,
            "primary_user_assigned_identity_id": "",
            "public_network_access_enabled": true,
            "resource_group_name": "formula-one-system-dev-rg",
            "restorable_dropped_database_ids": [],
            "tags": {
              "environment": "dev",
              "src": "dev"
            },
            "timeouts": null,
            "transparent_data_encryption_key_vault_key_id": "",
            "version": "12.0"
          },
          "sensitive_attributes": [
            [
              {
                "type": "get_attr",
                "value": "administrator_login_password"
              }
            ],
            [
              {
                "type": "get_attr",
                "value": "administrator_login_password_wo"
              }
            ]
          ],
          "identity_schema_version": 0,
          "private": "eyJlMmJmYjczMC1lY2FhLTExZTYtOGY4OC0zNDM2M2JjN2M0YzAiOnsiY3JlYXRlIjozNjAwMDAwMDAwMDAwLCJkZWxldGUiOjM2MDAwMDAwMDAwMDAsInJlYWQiOjMwMDAwMDAwMDAwMCwidXBkYXRlIjozNjAwMDAwMDAwMDAwfX0=",
          "dependencies": [
            "azurerm_resource_group.main"
          ]
        }
      ]
    },
    {
      "mode": "managed",
      "type": "azurerm_resource_group",
      "name": "main",
      "provider": "provider[\"registry.terraform.io/hashicorp/azurerm\"]",
      "instances": [
        {
          "schema_version": 0,
          "attributes": {
            "id": "/subscriptions/ed0eed35-e487-434c-8eed-1f15d8b0909f/resourceGroups/formula-one-system-dev-rg",
            "location": "centralus",
            "managed_by": "",
            "name": "formula-one-system-dev-rg",
            "tags": {
              "environment": "dev",
              "src": "dev"
            },
            "timeouts": null
          },
          "sensitive_attributes": [],
          "identity_schema_version": 0,
          "private": "eyJlMmJmYjczMC1lY2FhLTExZTYtOGY4OC0zNDM2M2JjN2M0YzAiOnsiY3JlYXRlIjo1NDAwMDAwMDAwMDAwLCJkZWxldGUiOjU0MDAwMDAwMDAwMDAsInJlYWQiOjMwMDAwMDAwMDAwMCwidXBkYXRlIjo1NDAwMDAwMDAwMDAwfX0="
        }
      ]
    },
    {
      "mode": "managed",
      "type": "azurerm_role_assignment",
      "name": "container_app_acr_pull",
      "provider": "provider[\"registry.terraform.io/hashicorp/azurerm\"]",
      "instances": [
        {
          "schema_version": 0,
          "attributes": {
            "condition": "",
            "condition_version": "",
            "delegated_managed_identity_resource_id": "",
            "description": "",
            "id": "/subscriptions/ed0eed35-e487-434c-8eed-1f15d8b0909f/resourceGroups/formula-one-system-dev-rg/providers/Microsoft.ContainerRegistry/registries/formulaonesystemdevacr/providers/Microsoft.Authorization/roleAssignments/a9ff98a9-cae3-18d4-9d92-29b3ec38a86f",
            "name": "a9ff98a9-cae3-18d4-9d92-29b3ec38a86f",
            "principal_id": "a92a48d3-4600-4a0c-a208-365b585aaa1c",
            "principal_type": "ServicePrincipal",
            "role_definition_id": "/subscriptions/ed0eed35-e487-434c-8eed-1f15d8b0909f/providers/Microsoft.Authorization/roleDefinitions/7f951dda-4ed3-4680-a7ca-43fe172d538d",
            "role_definition_name": "AcrPull",
            "scope": "/subscriptions/ed0eed35-e487-434c-8eed-1f15d8b0909f/resourceGroups/formula-one-system-dev-rg/providers/Microsoft.ContainerRegistry/registries/formulaonesystemdevacr",
            "skip_service_principal_aad_check": null,
            "timeouts": null
          },
          "sensitive_attributes": [],
          "identity_schema_version": 0,
          "private": "eyJlMmJmYjczMC1lY2FhLTExZTYtOGY4OC0zNDM2M2JjN2M0YzAiOnsiY3JlYXRlIjoxODAwMDAwMDAwMDAwLCJkZWxldGUiOjE4MDAwMDAwMDAwMDAsInJlYWQiOjMwMDAwMDAwMDAwMH19",
          "dependencies": [
            "azurerm_container_registry.acr",
            "azurerm_resource_group.main",
            "azurerm_user_assigned_identity.container_app"
          ]
        }
      ]
    },
    {
      "mode": "managed",
      "type": "azurerm_user_assigned_identity",
      "name": "container_app",
      "provider": "provider[\"registry.terraform.io/hashicorp/azurerm\"]",
      "instances": [
        {
          "schema_version": 1,
          "attributes": {
            "client_id": "818b6fbf-c4af-4fbe-94cc-797ff9042ad6",
            "id": "/subscriptions/ed0eed35-e487-434c-8eed-1f15d8b0909f/resourceGroups/formula-one-system-dev-rg/providers/Microsoft.ManagedIdentity/userAssignedIdentities/formula-one-system-dev-identity",
            "location": "centralus",
            "name": "formula-one-system-dev-identity",
            "principal_id": "a92a48d3-4600-4a0c-a208-365b585aaa1c",
            "resource_group_name": "formula-one-system-dev-rg",
            "tags": {
              "environment": "dev",
              "src": "dev"
            },
            "tenant_id": "4929d402-fc1f-445b-b253-37d2b4205f3e",
            "timeouts": null
          },
          "sensitive_attributes": [],
          "identity_schema_version": 0,
          "private": "eyJlMmJmYjczMC1lY2FhLTExZTYtOGY4OC0zNDM2M2JjN2M0YzAiOnsiY3JlYXRlIjoxODAwMDAwMDAwMDAwLCJkZWxldGUiOjE4MDAwMDAwMDAwMDAsInJlYWQiOjMwMDAwMDAwMDAwMCwidXBkYXRlIjoxODAwMDAwMDAwMDAwfSwic2NoZW1hX3ZlcnNpb24iOiIxIn0=",
          "dependencies": [
            "azurerm_resource_group.main"
          ]
        }
      ]
    }
  ],
  "check_results": null
}
